
Microsoft Visual Studio Solution File, Format Version 12.00
# Visual Studio Version 17
VisualStudioVersion = 17.5.33502.453
MinimumVisualStudioVersion = 10.0.40219.1
Project("{2150E333-8FDC-42A3-9474-1A3956D46DE8}") = "Internal", "Internal", "{8BA2F203-BAC0-441E-A38A-0D690C2D5615}"
	ProjectSection(SolutionItems) = preProject
		Internal\.editorconfig = Internal\.editorconfig
	EndProjectSection
EndProject
Project("{2150E333-8FDC-42A3-9474-1A3956D46DE8}") = "Scripts", "Scripts", "{CEA6E084-E3C7-419D-A08B-517A77A59677}"
EndProject
Project("{2150E333-8FDC-42A3-9474-1A3956D46DE8}") = "Dlls", "Dlls", "{0D38BCED-7F56-427B-8DFC-D2216E654FD1}"
	ProjectSection(SolutionItems) = preProject
		Dlls\ABOUT.md = Dlls\ABOUT.md
	EndProjectSection
EndProject
Project("{2150E333-8FDC-42A3-9474-1A3956D46DE8}") = "CompanionFiles", "CompanionFiles", "{2847324F-DB73-444E-833F-872E9C2246B2}"
EndProject
Project("{2150E333-8FDC-42A3-9474-1A3956D46DE8}") = "Skyline DataMiner", "Skyline DataMiner", "{5AD04353-896C-4BB7-BE7B-DF25F16288B6}"
	ProjectSection(SolutionItems) = preProject
		CompanionFiles\Skyline DataMiner\AboutThisFolder.md = CompanionFiles\Skyline DataMiner\AboutThisFolder.md
	EndProjectSection
EndProject
Project("{2150E333-8FDC-42A3-9474-1A3956D46DE8}") = "Documentation", "Documentation", "{FD7002D8-945E-4FDE-8BE7-EA9B4EEA6D4E}"
	ProjectSection(SolutionItems) = preProject
		Documentation\ABOUT.md = Documentation\ABOUT.md
		README.md = README.md
	EndProjectSection
EndProject
Project("{2150E333-8FDC-42A3-9474-1A3956D46DE8}") = "Tests", "Tests", "{F8938D60-51A0-4880-9CFC-19C66379BB5D}"
EndProject
Project("{2150E333-8FDC-42A3-9474-1A3956D46DE8}") = "Code Analysis", "Code Analysis", "{7349D66D-C4B7-4DC4-A170-D83A476003C3}"
	ProjectSection(SolutionItems) = preProject
		Internal\Code Analysis\qaction-debug.ruleset = Internal\Code Analysis\qaction-debug.ruleset
		Internal\Code Analysis\qaction-release.ruleset = Internal\Code Analysis\qaction-release.ruleset
		Internal\Code Analysis\stylecop.json = Internal\Code Analysis\stylecop.json
	EndProjectSection
EndProject
Project("{2150E333-8FDC-42A3-9474-1A3956D46DE8}") = "SLC-AS-RGETestScript", "SLC-AS-RGETestScript", "{37278728-4C21-4DFF-BCAE-BF8925D45966}"
	ProjectSection(SolutionItems) = preProject
		SLC-AS-RGETestScript.xml = SLC-AS-RGETestScript.xml
	EndProjectSection
EndProject
Project("{2150E333-8FDC-42A3-9474-1A3956D46DE8}") = "Actions", "Actions", "{37579E27-0A3E-4BAE-B14F-D8BB75714C7F}"
EndProject
Project("{9A19103F-16F7-4668-BE54-9A1E7A4F7556}") = "SLC-AS-RGETestScript_1", "SLC-AS-RGETestScript_1\SLC-AS-RGETestScript_1.csproj", "{C6A873CC-ABA7-454A-BFE8-54D1C8BD910C}"
EndProject
Global
	GlobalSection(SolutionConfigurationPlatforms) = preSolution
		Debug|Any CPU = Debug|Any CPU
		Release|Any CPU = Release|Any CPU
	EndGlobalSection
	GlobalSection(ProjectConfigurationPlatforms) = postSolution
		{C6A873CC-ABA7-454A-BFE8-54D1C8BD910C}.Debug|Any CPU.ActiveCfg = Debug|Any CPU
		{C6A873CC-ABA7-454A-BFE8-54D1C8BD910C}.Debug|Any CPU.Build.0 = Debug|Any CPU
		{C6A873CC-ABA7-454A-BFE8-54D1C8BD910C}.Release|Any CPU.ActiveCfg = Release|Any CPU
		{C6A873CC-ABA7-454A-BFE8-54D1C8BD910C}.Release|Any CPU.Build.0 = Release|Any CPU
	EndGlobalSection
	GlobalSection(SolutionProperties) = preSolution
		HideSolutionNode = FALSE
	EndGlobalSection
	GlobalSection(NestedProjects) = preSolution
		{5AD04353-896C-4BB7-BE7B-DF25F16288B6} = {2847324F-DB73-444E-833F-872E9C2246B2}
		{7349D66D-C4B7-4DC4-A170-D83A476003C3} = {8BA2F203-BAC0-441E-A38A-0D690C2D5615}
		{37278728-4C21-4DFF-BCAE-BF8925D45966} = {CEA6E084-E3C7-419D-A08B-517A77A59677}
		{37579E27-0A3E-4BAE-B14F-D8BB75714C7F} = {37278728-4C21-4DFF-BCAE-BF8925D45966}
		{C6A873CC-ABA7-454A-BFE8-54D1C8BD910C} = {37579E27-0A3E-4BAE-B14F-D8BB75714C7F}
	EndGlobalSection
	GlobalSection(ExtensibilityGlobals) = postSolution
		SolutionGuid = {DE42CDF5-AD7F-4517-863A-8E5200F7C81D}
	EndGlobalSection
EndGlobal
